
Microsoft Visual Studio Solution File, Format Version 11.00
# Visual C# Express 2010
Project("{FAE04EC0-301F-11D3-BF4B-00C04F79EFBC}") = "Snooper", "Shared Expenses Agent\Snooper.csproj", "{F416DB66-2C39-400C-A987-4304893E49D1}"
EndProject
Global
	GlobalSection(SolutionConfigurationPlatforms) = preSolution
		Debug|Any CPU = Debug|Any CPU
		Release|Any CPU = Release|Any CPU
	EndGlobalSection
	GlobalSection(ProjectConfigurationPlatforms) = postSolution
		{F416DB66-2C39-400C-A987-4304893E49D1}.Debug|Any CPU.ActiveCfg = Debug|Any CPU
		{F416DB66-2C39-400C-A987-4304893E49D1}.Debug|Any CPU.Build.0 = Debug|Any CPU
		{F416DB66-2C39-400C-A987-4304893E49D1}.Release|Any CPU.ActiveCfg = Release|Any CPU
		{F416DB66-2C39-400C-A987-4304893E49D1}.Release|Any CPU.Build.0 = Release|Any CPU
	EndGlobalSection
	GlobalSection(SolutionProperties) = preSolution
		HideSolutionNode = FALSE
	EndGlobalSection
EndGlobal
