
Microsoft Visual Studio Solution File, Format Version 10.00
# Visual C# Express 2008
Project("{FAE04EC0-301F-11D3-BF4B-00C04F79EFBC}") = "Digital Diary", "Digital Diary\Digital Diary.csproj", "{98B18D43-1040-4BC0-800E-78BD763E9796}"
EndProject
Global
	GlobalSection(SolutionConfigurationPlatforms) = preSolution
		Debug|Any CPU = Debug|Any CPU
		Release|Any CPU = Release|Any CPU
	EndGlobalSection
	GlobalSection(ProjectConfigurationPlatforms) = postSolution
		{98B18D43-1040-4BC0-800E-78BD763E9796}.Debug|Any CPU.ActiveCfg = Debug|Any CPU
		{98B18D43-1040-4BC0-800E-78BD763E9796}.Debug|Any CPU.Build.0 = Debug|Any CPU
		{98B18D43-1040-4BC0-800E-78BD763E9796}.Release|Any CPU.ActiveCfg = Release|Any CPU
		{98B18D43-1040-4BC0-800E-78BD763E9796}.Release|Any CPU.Build.0 = Release|Any CPU
	EndGlobalSection
	GlobalSection(SolutionProperties) = preSolution
		HideSolutionNode = FALSE
	EndGlobalSection
EndGlobal
